
Microsoft Visual Studio Solution File, Format Version 12.00
# Visual Studio 15
VisualStudioVersion = 15.0.27130.2026
MinimumVisualStudioVersion = 10.0.40219.1
Project("{FAE04EC0-301F-11D3-BF4B-00C04F79EFBC}") = "Project", "Project\Project.csproj", "{CAAF868D-C0F2-4D80-AC87-EAFE9C335BAF}"
EndProject
Global
	GlobalSection(SolutionConfigurationPlatforms) = preSolution
		Debug|Any CPU = Debug|Any CPU
		Release|Any CPU = Release|Any CPU
	EndGlobalSection
	GlobalSection(ProjectConfigurationPlatforms) = postSolution
		{CAAF868D-C0F2-4D80-AC87-EAFE9C335BAF}.Debug|Any CPU.ActiveCfg = Debug|Any CPU
		{CAAF868D-C0F2-4D80-AC87-EAFE9C335BAF}.Debug|Any CPU.Build.0 = Debug|Any CPU
		{CAAF868D-C0F2-4D80-AC87-EAFE9C335BAF}.Release|Any CPU.ActiveCfg = Release|Any CPU
		{CAAF868D-C0F2-4D80-AC87-EAFE9C335BAF}.Release|Any CPU.Build.0 = Release|Any CPU
	EndGlobalSection
	GlobalSection(SolutionProperties) = preSolution
		HideSolutionNode = FALSE
	EndGlobalSection
	GlobalSection(ExtensibilityGlobals) = postSolution
		SolutionGuid = {7A31BBB6-5C95-4343-8EBF-93B7FB88E34F}
	EndGlobalSection
EndGlobal
